// !$*UTF8*$!
{
	archiveVersion = 1;
	classes = {
	};
	objectVersion = 50;
	objects = {

/* Begin PBXBuildFile section */
		8DDDA38D25F1CA8B00074D34 /* main.cpp in Sources */ = {isa = PBXBuildFile; fileRef = 8DDDA38C25F1CA8B00074D34 /* main.cpp */; };
		8DDDA39A25F1D02F00074D34 /* Carry.cpp in Sources */ = {isa = PBXBuildFile; fileRef = 8DDDA39825F1D02F00074D34 /* Carry.cpp */; };
		8DDDA39F25F1D13B00074D34 /* Side.cpp in Sources */ = {isa = PBXBuildFile; fileRef = 8DDDA39D25F1D13B00074D34 /* Side.cpp */; };
		8DDDA3A425F1D1C000074D34 /* State.cpp in Sources */ = {isa = PBXBuildFile; fileRef = 8DDDA3A225F1D1C000074D34 /* State.cpp */; };
/* End PBXBuildFile section */

/* Begin PBXCopyFilesBuildPhase section */
		8DDDA38725F1CA8B00074D34 /* CopyFiles */ = {
			isa = PBXCopyFilesBuildPhase;
			buildActionMask = 2147483647;
			dstPath = /usr/share/man/man1/;
			dstSubfolderSpec = 0;
			files = (
			);
			runOnlyForDeploymentPostprocessing = 1;
		};
/* End PBXCopyFilesBuildPhase section */

/* Begin PBXFileReference section */
		8DDDA38925F1CA8B00074D34 /* cannibals_and_missionaries */ = {isa = PBXFileReference; explicitFileType = "compiled.mach-o.executable"; includeInIndex = 0; path = cannibals_and_missionaries; sourceTree = BUILT_PRODUCTS_DIR; };
		8DDDA38C25F1CA8B00074D34 /* main.cpp */ = {isa = PBXFileReference; lastKnownFileType = sourcecode.cpp.cpp; path = main.cpp; sourceTree = "<group>"; };
		8DDDA39825F1D02F00074D34 /* Carry.cpp */ = {isa = PBXFileReference; lastKnownFileType = sourcecode.cpp.cpp; path = Carry.cpp; sourceTree = "<group>"; };
		8DDDA39925F1D02F00074D34 /* Carry.hpp */ = {isa = PBXFileReference; lastKnownFileType = sourcecode.cpp.h; path = Carry.hpp; sourceTree = "<group>"; };
		8DDDA39D25F1D13B00074D34 /* Side.cpp */ = {isa = PBXFileReference; lastKnownFileType = sourcecode.cpp.cpp; path = Side.cpp; sourceTree = "<group>"; };
		8DDDA39E25F1D13B00074D34 /* Side.hpp */ = {isa = PBXFileReference; lastKnownFileType = sourcecode.cpp.h; path = Side.hpp; sourceTree = "<group>"; };
		8DDDA3A225F1D1C000074D34 /* State.cpp */ = {isa = PBXFileReference; lastKnownFileType = sourcecode.cpp.cpp; path = State.cpp; sourceTree = "<group>"; };
		8DDDA3A325F1D1C000074D34 /* State.hpp */ = {isa = PBXFileReference; lastKnownFileType = sourcecode.cpp.h; path = State.hpp; sourceTree = "<group>"; };
/* End PBXFileReference section */

/* Begin PBXFrameworksBuildPhase section */
		8DDDA38625F1CA8B00074D34 /* Frameworks */ = {
			isa = PBXFrameworksBuildPhase;
			buildActionMask = 2147483647;
			files = (
			);
			runOnlyForDeploymentPostprocessing = 0;
		};
/* End PBXFrameworksBuildPhase section */

/* Begin PBXGroup section */
		8DDDA38025F1CA8B00074D34 = {
			isa = PBXGroup;
			children = (
				8DDDA38B25F1CA8B00074D34 /* cannibals_and_missionaries */,
				8DDDA38A25F1CA8B00074D34 /* Products */,
			);
			sourceTree = "<group>";
		};
		8DDDA38A25F1CA8B00074D34 /* Products */ = {
			isa = PBXGroup;
			children = (
				8DDDA38925F1CA8B00074D34 /* cannibals_and_missionaries */,
			);
			name = Products;
			sourceTree = "<group>";
		};
		8DDDA38B25F1CA8B00074D34 /* cannibals_and_missionaries */ = {
			isa = PBXGroup;
			children = (
				8DDDA38C25F1CA8B00074D34 /* main.cpp */,
				8DDDA39825F1D02F00074D34 /* Carry.cpp */,
				8DDDA39925F1D02F00074D34 /* Carry.hpp */,
				8DDDA39D25F1D13B00074D34 /* Side.cpp */,
				8DDDA39E25F1D13B00074D34 /* Side.hpp */,
				8DDDA3A225F1D1C000074D34 /* State.cpp */,
				8DDDA3A325F1D1C000074D34 /* State.hpp */,
			);
			path = cannibals_and_missionaries;
			sourceTree = "<group>";
		};
/* End PBXGroup section */

/* Begin PBXNativeTarget section */
		8DDDA38825F1CA8B00074D34 /* cannibals_and_missionaries */ = {
			isa = PBXNativeTarget;
			buildConfigurationList = 8DDDA39025F1CA8B00074D34 /* Build configuration list for PBXNativeTarget "cannibals_and_missionaries" */;
			buildPhases = (
				8DDDA38525F1CA8B00074D34 /* Sources */,
				8DDDA38625F1CA8B00074D34 /* Frameworks */,
				8DDDA38725F1CA8B00074D34 /* CopyFiles */,
			);
			buildRules = (
			);
			dependencies = (
			);
			name = cannibals_and_missionaries;
			productName = cannibals_and_missionaries;
			productReference = 8DDDA38925F1CA8B00074D34 /* cannibals_and_missionaries */;
			productType = "com.apple.product-type.tool";
		};
/* End PBXNativeTarget section */

/* Begin PBXProject section */
		8DDDA38125F1CA8B00074D34 /* Project object */ = {
			isa = PBXProject;
			attributes = {
				LastUpgradeCheck = 1240;
				TargetAttributes = {
					8DDDA38825F1CA8B00074D34 = {
						CreatedOnToolsVersion = 12.4;
					};
				};
			};
			buildConfigurationList = 8DDDA38425F1CA8B00074D34 /* Build configuration list for PBXProject "cannibals_and_missionaries" */;
			compatibilityVersion = "Xcode 9.3";
			developmentRegion = en;
			hasScannedForEncodings = 0;
			knownRegions = (
				en,
				Base,
			);
			mainGroup = 8DDDA38025F1CA8B00074D34;
			productRefGroup = 8DDDA38A25F1CA8B00074D34 /* Products */;
			projectDirPath = "";
			projectRoot = "";
			targets = (
				8DDDA38825F1CA8B00074D34 /* cannibals_and_missionaries */,
			);
		};
/* End PBXProject section */

/* Begin PBXSourcesBuildPhase section */
		8DDDA38525F1CA8B00074D34 /* Sources */ = {
			isa = PBXSourcesBuildPhase;
			buildActionMask = 2147483647;
			files = (
				8DDDA39F25F1D13B00074D34 /* Side.cpp in Sources */,
				8DDDA38D25F1CA8B00074D34 /* main.cpp in Sources */,
				8DDDA39A25F1D02F00074D34 /* Carry.cpp in Sources */,
				8DDDA3A425F1D1C000074D34 /* State.cpp in Sources */,
			);
			runOnlyForDeploymentPostprocessing = 0;
		};
/* End PBXSourcesBuildPhase section */

/* Begin XCBuildConfiguration section */
		8DDDA38E25F1CA8B00074D34 /* Debug */ = {
			isa = XCBuildConfiguration;
			buildSettings = {
				ALWAYS_SEARCH_USER_PATHS = NO;
				CLANG_ANALYZER_NONNULL = YES;
				CLANG_ANALYZER_NUMBER_OBJECT_CONVERSION = YES_AGGRESSIVE;
				CLANG_CXX_LANGUAGE_STANDARD = "gnu++14";
				CLANG_CXX_LIBRARY = "libc++";
				CLANG_ENABLE_MODULES = YES;
				CLANG_ENABLE_OBJC_ARC = YES;
				CLANG_ENABLE_OBJC_WEAK = YES;
				CLANG_WARN_BLOCK_CAPTURE_AUTORELEASING = YES;
				CLANG_WARN_BOOL_CONVERSION = YES;
				CLANG_WARN_COMMA = YES;
				CLANG_WARN_CONSTANT_CONVERSION = YES;
				CLANG_WARN_DEPRECATED_OBJC_IMPLEMENTATIONS = YES;
				CLANG_WARN_DIRECT_OBJC_ISA_USAGE = YES_ERROR;
				CLANG_WARN_DOCUMENTATION_COMMENTS = YES;
				CLANG_WARN_EMPTY_BODY = YES;
				CLANG_WARN_ENUM_CONVERSION = YES;
				CLANG_WARN_INFINITE_RECURSION = YES;
				CLANG_WARN_INT_CONVERSION = YES;
				CLANG_WARN_NON_LITERAL_NULL_CONVERSION = YES;
				CLANG_WARN_OBJC_IMPLICIT_RETAIN_SELF = YES;
				CLANG_WARN_OBJC_LITERAL_CONVERSION = YES;
				CLANG_WARN_OBJC_ROOT_CLASS = YES_ERROR;
				CLANG_WARN_QUOTED_INCLUDE_IN_FRAMEWORK_HEADER = YES;
				CLANG_WARN_RANGE_LOOP_ANALYSIS = YES;
				CLANG_WARN_STRICT_PROTOTYPES = YES;
				CLANG_WARN_SUSPICIOUS_MOVE = YES;
				CLANG_WARN_UNGUARDED_AVAILABILITY = YES_AGGRESSIVE;
				CLANG_WARN_UNREACHABLE_CODE = YES;
				CLANG_WARN__DUPLICATE_METHOD_MATCH = YES;
				COPY_PHASE_STRIP = NO;
				DEBUG_INFORMATION_FORMAT = dwarf;
				ENABLE_STRICT_OBJC_MSGSEND = YES;
				ENABLE_TESTABILITY = YES;
				GCC_C_LANGUAGE_STANDARD = gnu11;
				GCC_DYNAMIC_NO_PIC = NO;
				GCC_NO_COMMON_BLOCKS = YES;
				GCC_OPTIMIZATION_LEVEL = 0;
				GCC_PREPROCESSOR_DEFINITIONS = (
					"DEBUG=1",
					"$(inherited)",
				);
				GCC_WARN_64_TO_32_BIT_CONVERSION = YES;
				GCC_WARN_ABOUT_RETURN_TYPE = YES_ERROR;
				GCC_WARN_UNDECLARED_SELECTOR = YES;
				GCC_WARN_UNINITIALIZED_AUTOS = YES_AGGRESSIVE;
				GCC_WARN_UNUSED_FUNCTION = YES;
				GCC_WARN_UNUSED_VARIABLE = YES;
				MACOSX_DEPLOYMENT_TARGET = 11.1;
				MTL_ENABLE_DEBUG_INFO = INCLUDE_SOURCE;
				MTL_FAST_MATH = YES;
				ONLY_ACTIVE_ARCH = YES;
				SDKROOT = macosx;
			};
			name = Debug;
		};
		8DDDA38F25F1CA8B00074D34 /* Release */ = {
			isa = XCBuildConfiguration;
			buildSettings = {
				ALWAYS_SEARCH_USER_PATHS = NO;
				CLANG_ANALYZER_NONNULL = YES;
				CLANG_ANALYZER_NUMBER_OBJECT_CONVERSION = YES_AGGRESSIVE;
				CLANG_CXX_LANGUAGE_STANDARD = "gnu++14";
				CLANG_CXX_LIBRARY = "libc++";
				CLANG_ENABLE_MODULES = YES;
				CLANG_ENABLE_OBJC_ARC = YES;
				CLANG_ENABLE_OBJC_WEAK = YES;
				CLANG_WARN_BLOCK_CAPTURE_AUTORELEASING = YES;
				CLANG_WARN_BOOL_CONVERSION = YES;
				CLANG_WARN_COMMA = YES;
				CLANG_WARN_CONSTANT_CONVERSION = YES;
				CLANG_WARN_DEPRECATED_OBJC_IMPLEMENTATIONS = YES;
				CLANG_WARN_DIRECT_OBJC_ISA_USAGE = YES_ERROR;
				CLANG_WARN_DOCUMENTATION_COMMENTS = YES;
				CLANG_WARN_EMPTY_BODY = YES;
				CLANG_WARN_ENUM_CONVERSION = YES;
				CLANG_WARN_INFINITE_RECURSION = YES;
				CLANG_WARN_INT_CONVERSION = YES;
				CLANG_WARN_NON_LITERAL_NULL_CONVERSION = YES;
				CLANG_WARN_OBJC_IMPLICIT_RETAIN_SELF = YES;
				CLANG_WARN_OBJC_LITERAL_CONVERSION = YES;
				CLANG_WARN_OBJC_ROOT_CLASS = YES_ERROR;
				CLANG_WARN_QUOTED_INCLUDE_IN_FRAMEWORK_HEADER = YES;
				CLANG_WARN_RANGE_LOOP_ANALYSIS = YES;
				CLANG_WARN_STRICT_PROTOTYPES = YES;
				CLANG_WARN_SUSPICIOUS_MOVE = YES;
				CLANG_WARN_UNGUARDED_AVAILABILITY = YES_AGGRESSIVE;
				CLANG_WARN_UNREACHABLE_CODE = YES;
				CLANG_WARN__DUPLICATE_METHOD_MATCH = YES;
				COPY_PHASE_STRIP = NO;
				DEBUG_INFORMATION_FORMAT = "dwarf-with-dsym";
				ENABLE_NS_ASSERTIONS = NO;
				ENABLE_STRICT_OBJC_MSGSEND = YES;
				GCC_C_LANGUAGE_STANDARD = gnu11;
				GCC_NO_COMMON_BLOCKS = YES;
				GCC_WARN_64_TO_32_BIT_CONVERSION = YES;
				GCC_WARN_ABOUT_RETURN_TYPE = YES_ERROR;
				GCC_WARN_UNDECLARED_SELECTOR = YES;
				GCC_WARN_UNINITIALIZED_AUTOS = YES_AGGRESSIVE;
				GCC_WARN_UNUSED_FUNCTION = YES;
				GCC_WARN_UNUSED_VARIABLE = YES;
				MACOSX_DEPLOYMENT_TARGET = 11.1;
				MTL_ENABLE_DEBUG_INFO = NO;
				MTL_FAST_MATH = YES;
				SDKROOT = macosx;
			};
			name = Release;
		};
		8DDDA39125F1CA8B00074D34 /* Debug */ = {
			isa = XCBuildConfiguration;
			buildSettings = {
				CODE_SIGN_STYLE = Automatic;
				DEVELOPMENT_TEAM = RX5U58PQ6D;
				ENABLE_HARDENED_RUNTIME = YES;
				PRODUCT_NAME = "$(TARGET_NAME)";
			};
			name = Debug;
		};
		8DDDA39225F1CA8B00074D34 /* Release */ = {
			isa = XCBuildConfiguration;
			buildSettings = {
				CODE_SIGN_STYLE = Automatic;
				DEVELOPMENT_TEAM = RX5U58PQ6D;
				ENABLE_HARDENED_RUNTIME = YES;
				PRODUCT_NAME = "$(TARGET_NAME)";
			};
			name = Release;
		};
/* End XCBuildConfiguration section */

/* Begin XCConfigurationList section */
		8DDDA38425F1CA8B00074D34 /* Build configuration list for PBXProject "cannibals_and_missionaries" */ = {
			isa = XCConfigurationList;
			buildConfigurations = (
				8DDDA38E25F1CA8B00074D34 /* Debug */,
				8DDDA38F25F1CA8B00074D34 /* Release */,
			);
			defaultConfigurationIsVisible = 0;
			defaultConfigurationName = Release;
		};
		8DDDA39025F1CA8B00074D34 /* Build configuration list for PBXNativeTarget "cannibals_and_missionaries" */ = {
			isa = XCConfigurationList;
			buildConfigurations = (
				8DDDA39125F1CA8B00074D34 /* Debug */,
				8DDDA39225F1CA8B00074D34 /* Release */,
			);
			defaultConfigurationIsVisible = 0;
			defaultConfigurationName = Release;
		};
/* End XCConfigurationList section */
	};
	rootObject = 8DDDA38125F1CA8B00074D34 /* Project object */;
}
